
Microsoft Visual Studio Solution File, Format Version 12.00
# Visual Studio Version 16
VisualStudioVersion = 16.0.30011.22
MinimumVisualStudioVersion = 10.0.40219.1
Project("{9A19103F-16F7-4668-BE54-9A1E7A4F7556}") = "GetContactAPI", "GetContactApi\GetContactAPI.csproj", "{3866D863-A3E0-4F5B-83E4-B8BDC6F768C2}"
EndProject
Project("{9A19103F-16F7-4668-BE54-9A1E7A4F7556}") = "GetContactApi.Tests", "GetContactApi.Tests\GetContactApi.Tests.csproj", "{DE444E57-113A-4D77-8E9D-52917D36B931}"
EndProject
Global
	GlobalSection(SolutionConfigurationPlatforms) = preSolution
		Debug|Any CPU = Debug|Any CPU
		Release|Any CPU = Release|Any CPU
	EndGlobalSection
	GlobalSection(ProjectConfigurationPlatforms) = postSolution
		{3866D863-A3E0-4F5B-83E4-B8BDC6F768C2}.Debug|Any CPU.ActiveCfg = Debug|Any CPU
		{3866D863-A3E0-4F5B-83E4-B8BDC6F768C2}.Debug|Any CPU.Build.0 = Debug|Any CPU
		{3866D863-A3E0-4F5B-83E4-B8BDC6F768C2}.Release|Any CPU.ActiveCfg = Release|Any CPU
		{3866D863-A3E0-4F5B-83E4-B8BDC6F768C2}.Release|Any CPU.Build.0 = Release|Any CPU
		{DE444E57-113A-4D77-8E9D-52917D36B931}.Debug|Any CPU.ActiveCfg = Debug|Any CPU
		{DE444E57-113A-4D77-8E9D-52917D36B931}.Debug|Any CPU.Build.0 = Debug|Any CPU
		{DE444E57-113A-4D77-8E9D-52917D36B931}.Release|Any CPU.ActiveCfg = Release|Any CPU
		{DE444E57-113A-4D77-8E9D-52917D36B931}.Release|Any CPU.Build.0 = Release|Any CPU
	EndGlobalSection
	GlobalSection(SolutionProperties) = preSolution
		HideSolutionNode = FALSE
	EndGlobalSection
	GlobalSection(ExtensibilityGlobals) = postSolution
		SolutionGuid = {42F6FBE6-672B-4890-ABAB-39708C9D954E}
	EndGlobalSection
EndGlobal
